{
  "name": "@cremalab/scripts-mobile",
  "version": "0.7.0",
  "lockfileVersion": 2,
  "requires": true,
  "packages": {
    "": {
      "name": "@cremalab/scripts-mobile",
      "version": "0.6.0",
      "license": "ISC",
      "dependencies": {
        "@cremalab/scripts": "^0.6.0"
      },
      "bin": {
        "cremalab-scripts": "node_modules/@cremalab/scripts/dist/bin/scripts.js",
        "cremalab-scripts-mobile": "dist/bin/scripts.js"
      }
    },
    "../scripts": {
      "name": "@cremalab/scripts",
      "version": "0.6.0",
      "license": "ISC",
      "dependencies": {
        "cross-spawn": "^7.0.1",
        "hygen": "^6.0.0"
      },
      "bin": {
        "cremalab-scripts": "dist/bin/scripts.js"
      },
      "devDependencies": {
        "@types/cross-spawn": "6.0.2"
      }
    },
    "../scripts/node_modules/cross-spawn": {
      "version": "7.0.3",
      "license": "MIT",
      "dependencies": {
        "path-key": "^3.1.0",
        "shebang-command": "^2.0.0",
        "which": "^2.0.1"
      },
      "engines": {
        "node": ">= 8"
      }
    },
    "../scripts/node_modules/isexe": {
      "version": "2.0.0",
      "license": "ISC"
    },
    "../scripts/node_modules/path-key": {
      "version": "3.1.1",
      "license": "MIT",
      "engines": {
        "node": ">=8"
      }
    },
    "../scripts/node_modules/shebang-command": {
      "version": "2.0.0",
      "license": "MIT",
      "dependencies": {
        "shebang-regex": "^3.0.0"
      },
      "engines": {
        "node": ">=8"
      }
    },
    "../scripts/node_modules/shebang-regex": {
      "version": "3.0.0",
      "license": "MIT",
      "engines": {
        "node": ">=8"
      }
    },
    "../scripts/node_modules/which": {
      "version": "2.0.2",
      "license": "ISC",
      "dependencies": {
        "isexe": "^2.0.0"
      },
      "bin": {
        "node-which": "bin/node-which"
      },
      "engines": {
        "node": ">= 8"
      }
    },
    "node_modules/@cremalab/scripts": {
      "resolved": "../scripts",
      "link": true
    }
  },
  "dependencies": {
    "@cremalab/scripts": {
      "version": "file:../scripts",
      "requires": {
        "@types/cross-spawn": "6.0.2",
        "cross-spawn": "^7.0.1",
        "hygen": "^6.0.0"
      },
      "dependencies": {
        "cross-spawn": {
          "version": "7.0.3",
          "requires": {
            "path-key": "^3.1.0",
            "shebang-command": "^2.0.0",
            "which": "^2.0.1"
          }
        },
        "isexe": {
          "version": "2.0.0"
        },
        "path-key": {
          "version": "3.1.1"
        },
        "shebang-command": {
          "version": "2.0.0",
          "requires": {
            "shebang-regex": "^3.0.0"
          }
        },
        "shebang-regex": {
          "version": "3.0.0"
        },
        "which": {
          "version": "2.0.2",
          "requires": {
            "isexe": "^2.0.0"
          }
        }
      }
    }
  }
}
